lockfileVersion: '9.0'

settings:
  autoInstallPeers: true
  excludeLinksFromLockfile: false

overrides:
  vite: npm:rolldown-vite@latest

importers:

  .:
    dependencies:
      animejs:
        specifier: ^4.0.1
        version: 4.0.1
    devDependencies:
      typescript:
        specifier: ~5.7.2
        version: 5.7.3
      vite:
        specifier: npm:rolldown-vite@latest
        version: rolldown-vite@6.3.0-beta.8(typescript@5.7.3)

packages:

  '@emnapi/core@1.4.3':
    resolution: {integrity: sha512-4m62DuCE07lw01soJwPiBGC0nAww0Q+RY70VZ+n49yDIO13yyinhbWCeNnaob0lakDtWQzSdtNWzJeOJt2ma+g==}

  '@emnapi/runtime@1.4.3':
    resolution: {integrity: sha512-pBPWdu6MLKROBX05wSNKcNb++m5Er+KQ9QkB+WVM+pW2Kx9hoSrVTnu3BdkI5eBLZoKu/J6mW/B6i6bJB2ytXQ==}

  '@emnapi/wasi-threads@1.0.2':
    resolution: {integrity: sha512-5n3nTJblwRi8LlXkJ9eBzu+kZR8Yxcc7ubakyQTFzPMtIhFpUBRbsnc2Dv88IZDIbCDlBiWrknhB4Lsz7mg6BA==}

  '@napi-rs/wasm-runtime@0.2.9':
    resolution: {integrity: sha512-OKRBiajrrxB9ATokgEQoG87Z25c67pCpYcCwmXYX8PBftC9pBfN18gnm/fh1wurSLEKIAt+QRFLFCQISrb66Jg==}

  '@oxc-project/runtime@0.63.0':
    resolution: {integrity: sha512-u7mno3YgPu6G8gfXQyHcsKWtCacl4w6lKxy6LMXsNsqCcMf3k2zfVW9oV7z83oOLVIJ5fmBbvjqubT4X5ScGGg==}
    engines: {node: '>=6.9.0'}

  '@oxc-project/types@0.63.0':
    resolution: {integrity: sha512-2tIGBdm0mOMMo3AUVdXyZUORDbWTnt4XVOKeNdcPtxtb39SgyF/ek2QV7DJ9BAV5TWYYis6BuY5SqrAp+PHRgQ==}

  '@rolldown/binding-darwin-arm64@1.0.0-beta.7-commit.169739a':
    resolution: {integrity: sha512-sHgtO+itmn+7VMExgP94VQiODaB3y1QnXSKjJaBsWhB1dd7Kva6RlzHjcaZicP52qs++350yzuFvDqn7zktVMA==}
    cpu: [arm64]
    os: [darwin]

  '@rolldown/binding-darwin-x64@1.0.0-beta.7-commit.169739a':
    resolution: {integrity: sha512-Z+YsQL+nfO5FlyfODuMtA0ZUimP7FVTSgMCn8OwjYngesuUxnH1+FVlOpyGuQI0N85K/sKeF6bViyuRGzfFUFw==}
    cpu: [x64]
    os: [darwin]

  '@rolldown/binding-freebsd-x64@1.0.0-beta.7-commit.169739a':
    resolution: {integrity: sha512-eEMyCXjlcjhrQUKR6El2nNEYMRg756G+VM9TA67VGLRKdEXShscBfd8dE66cZPiTBdp4Q87Veb4p5pxO1HsrAA==}
    cpu: [x64]
    os: [freebsd]

  '@rolldown/binding-linux-arm-gnueabihf@1.0.0-beta.7-commit.169739a':
    resolution: {integrity: sha512-i0ohHJ1CLCaVo8b1uHtGV1PfVUIPQXMSj4QWMt/dowNMY44c3HJ+ntbIpe2LAatfETlCuE/ZZ+yd+Gd7zsGEDw==}
    cpu: [arm]
    os: [linux]

  '@rolldown/binding-linux-arm64-gnu@1.0.0-beta.7-commit.169739a':
    resolution: {integrity: sha512-qfSswSziPE6CuFH3oZomJUhGP4ClWsC+4f6MOkz9m7kpUAwFyBBt33pob9LPBr+PsTIAIvqiw7oEsU5i7gA9fw==}
    cpu: [arm64]
    os: [linux]
    libc: [glibc]

  '@rolldown/binding-linux-arm64-musl@1.0.0-beta.7-commit.169739a':
    resolution: {integrity: sha512-mjIbxq3fHDSICAG3xp3kfbBQo3/tXvvsGkJ2/9MTAHW2Gkn1Swy23MTCnCchzMLrHTt9tIp/UD1FLvrmb/dxcA==}
    cpu: [arm64]
    os: [linux]
    libc: [musl]

  '@rolldown/binding-linux-x64-gnu@1.0.0-beta.7-commit.169739a':
    resolution: {integrity: sha512-KacLZM+maqCNCcov4YpkDRl1RJm7Kb66ciJTcjxdkEzf2gOj2KsqJRdgtS2A+WlRgwjWGsNAos+Ouez55qxzpg==}
    cpu: [x64]
    os: [linux]
    libc: [glibc]

  '@rolldown/binding-linux-x64-musl@1.0.0-beta.7-commit.169739a':
    resolution: {integrity: sha512-H+XifeoLcoeyu6DX3gUIIzzDCdV4T7DQDLPjkX2zdiBUG7c755j554Q7YkGJaXD1ijK0n9stDHfyIk9Mnc6n5A==}
    cpu: [x64]
    os: [linux]
    libc: [musl]

  '@rolldown/binding-wasm32-wasi@1.0.0-beta.7-commit.169739a':
    resolution: {integrity: sha512-+AT+i0JTwXCrY2HUrs75GWbp72NMJhkEcUZ8xgJG/iaB+C5H9acw05OP2+5CGVY6XlzojgKrtLIX+3QM2+iJGw==}
    engines: {node: '>=14.21.3'}
    cpu: [wasm32]

  '@rolldown/binding-win32-arm64-msvc@1.0.0-beta.7-commit.169739a':
    resolution: {integrity: sha512-0QlwMpR16RwFDjIr3DC8y6Bcp/FpHL1m/RG1JdhoakcMWxwCNghZzcTuZkjIJTtyMlqCUCUQ29vTVYQcv2Fj+g==}
    cpu: [arm64]
    os: [win32]

  '@rolldown/binding-win32-ia32-msvc@1.0.0-beta.7-commit.169739a':
    resolution: {integrity: sha512-n/SqYlbH4JzL6FFxn4guNJp7wtrw0vdlKDKpo3jdMOApXihfuQ+ttJ0gE1PdKvGcCnwJ/Bv8FX2showTuVjJzA==}
    cpu: [ia32]
    os: [win32]

  '@rolldown/binding-win32-x64-msvc@1.0.0-beta.7-commit.169739a':
    resolution: {integrity: sha512-PEN59fBrvhJm9aSjZP9NPoYLAU+C1Jry/60tQzs/Nj908DAxM6FQ5FfHLhBzoNPnDfCsoouCUlgGDGbbmHzQpA==}
    cpu: [x64]
    os: [win32]

  '@tybys/wasm-util@0.9.0':
    resolution: {integrity: sha512-6+7nlbMVX/PVDCwaIQ8nTOPveOcFLSt8GcXdx8hD0bt39uWxYT88uXzqTd4fTvqta7oeUJqudepapKNt2DYJFw==}

  '@valibot/to-json-schema@1.0.0':
    resolution: {integrity: sha512-/9crJgPptVsGCL6X+JPDQyaJwkalSZ/52WuF8DiRUxJgcmpNdzYRfZ+gqMEP8W3CTVfuMWPqqvIgfwJ97f9Etw==}
    peerDependencies:
      valibot: ^1.0.0

  animejs@4.0.1:
    resolution: {integrity: sha512-QbNbOrToapaZ7ebNuQpRgOhEGeyg/r8+bOUKbaaDNI/64XyjDrguVWW6Xgnt8PX+HHs0aAi34WpetczSbRZ3dQ==}

  detect-libc@2.0.3:
    resolution: {integrity: sha512-bwy0MGW55bG41VqxxypOsdSdGqLwXPI/focwgTYCFMbdUiBAxLg9CFzG08sz2aqzknwiX7Hkl0bQENjg8iLByw==}
    engines: {node: '>=8'}

  fdir@6.4.3:
    resolution: {integrity: sha512-PMXmW2y1hDDfTSRc9gaXIuCCRpuoz3Kaz8cUelp3smouvfT632ozg2vrT6lJsHKKOF59YLbOGfAWGUcKEfRMQw==}
    peerDependencies:
      picomatch: ^3 || ^4
    peerDependenciesMeta:
      picomatch:
        optional: true

  fsevents@2.3.3:
    resolution: {integrity: sha512-5xoDfX+fL7faATnagmWPpbFtwh/R77WmMMqqHGS65C3vvB0YHrgF+B1YmZ3441tMj5n63k0212XNoJwzlhffQw==}
    engines: {node: ^8.16.0 || ^10.6.0 || >=11.0.0}
    os: [darwin]

  lightningcss-darwin-arm64@1.29.3:
    resolution: {integrity: sha512-fb7raKO3pXtlNbQbiMeEu8RbBVHnpyqAoxTyTRMEWFQWmscGC2wZxoHzZ+YKAepUuKT9uIW5vL2QbFivTgprZg==}
    engines: {node: '>= 12.0.0'}
    cpu: [arm64]
    os: [darwin]

  lightningcss-darwin-x64@1.29.3:
    resolution: {integrity: sha512-KF2XZ4ZdmDGGtEYmx5wpzn6u8vg7AdBHaEOvDKu8GOs7xDL/vcU2vMKtTeNe1d4dogkDdi3B9zC77jkatWBwEQ==}
    engines: {node: '>= 12.0.0'}
    cpu: [x64]
    os: [darwin]

  lightningcss-freebsd-x64@1.29.3:
    resolution: {integrity: sha512-VUWeVf+V1UM54jv9M4wen9vMlIAyT69Krl9XjI8SsRxz4tdNV/7QEPlW6JASev/pYdiynUCW0pwaFquDRYdxMw==}
    engines: {node: '>= 12.0.0'}
    cpu: [x64]
    os: [freebsd]

  lightningcss-linux-arm-gnueabihf@1.29.3:
    resolution: {integrity: sha512-UhgZ/XVNfXQVEJrMIWeK1Laj8KbhjbIz7F4znUk7G4zeGw7TRoJxhb66uWrEsonn1+O45w//0i0Fu0wIovYdYg==}
    engines: {node: '>= 12.0.0'}
    cpu: [arm]
    os: [linux]

  lightningcss-linux-arm64-gnu@1.29.3:
    resolution: {integrity: sha512-Pqau7jtgJNmQ/esugfmAT1aCFy/Gxc92FOxI+3n+LbMHBheBnk41xHDhc0HeYlx9G0xP5tK4t0Koy3QGGNqypw==}
    engines: {node: '>= 12.0.0'}
    cpu: [arm64]
    os: [linux]
    libc: [glibc]

  lightningcss-linux-arm64-musl@1.29.3:
    resolution: {integrity: sha512-dxakOk66pf7KLS7VRYFO7B8WOJLecE5OPL2YOk52eriFd/yeyxt2Km5H0BjLfElokIaR+qWi33gB8MQLrdAY3A==}
    engines: {node: '>= 12.0.0'}
    cpu: [arm64]
    os: [linux]
    libc: [musl]

  lightningcss-linux-x64-gnu@1.29.3:
    resolution: {integrity: sha512-ySZTNCpbfbK8rqpKJeJR2S0g/8UqqV3QnzcuWvpI60LWxnFN91nxpSSwCbzfOXkzKfar9j5eOuOplf+klKtINg==}
    engines: {node: '>= 12.0.0'}
    cpu: [x64]
    os: [linux]
    libc: [glibc]

  lightningcss-linux-x64-musl@1.29.3:
    resolution: {integrity: sha512-3pVZhIzW09nzi10usAXfIGTTSTYQ141dk88vGFNCgawIzayiIzZQxEcxVtIkdvlEq2YuFsL9Wcj/h61JHHzuFQ==}
    engines: {node: '>= 12.0.0'}
    cpu: [x64]
    os: [linux]
    libc: [musl]

  lightningcss-win32-arm64-msvc@1.29.3:
    resolution: {integrity: sha512-VRnkAvtIkeWuoBJeGOTrZxsNp4HogXtcaaLm8agmbYtLDOhQdpgxW6NjZZjDXbvGF+eOehGulXZ3C1TiwHY4QQ==}
    engines: {node: '>= 12.0.0'}
    cpu: [arm64]
    os: [win32]

  lightningcss-win32-x64-msvc@1.29.3:
    resolution: {integrity: sha512-IszwRPu2cPnDQsZpd7/EAr0x2W7jkaWqQ1SwCVIZ/tSbZVXPLt6k8s6FkcyBjViCzvB5CW0We0QbbP7zp2aBjQ==}
    engines: {node: '>= 12.0.0'}
    cpu: [x64]
    os: [win32]

  lightningcss@1.29.3:
    resolution: {integrity: sha512-GlOJwTIP6TMIlrTFsxTerwC0W6OpQpCGuX1ECRLBUVRh6fpJH3xTqjCjRgQHTb4ZXexH9rtHou1Lf03GKzmhhQ==}
    engines: {node: '>= 12.0.0'}

  nanoid@3.3.11:
    resolution: {integrity: sha512-N8SpfPUnUp1bK+PMYW8qSWdl9U+wwNWI4QKxOYDy9JAro3WMX7p2OeVRF9v+347pnakNevPmiHhNmZ2HbFA76w==}
    engines: {node: ^10 || ^12 || ^13.7 || ^14 || >=15.0.1}
    hasBin: true

  picocolors@1.1.1:
    resolution: {integrity: sha512-xceH2snhtb5M9liqDsmEw56le376mTZkEX/jEb/RxNFyegNul7eNslCXP9FDj/Lcu0X8KEyMceP2ntpaHrDEVA==}

  picomatch@4.0.2:
    resolution: {integrity: sha512-M7BAV6Rlcy5u+m6oPhAPFgJTzAioX/6B0DxyvDlo9l8+T3nLKbrczg2WLUyzd45L8RqfUMyGPzekbMvX2Ldkwg==}
    engines: {node: '>=12'}

  postcss@8.5.3:
    resolution: {integrity: sha512-dle9A3yYxlBSrt8Fu+IpjGT8SY8hN0mlaA6GY8t0P5PjIOZemULz/E2Bnm/2dcUOena75OTNkHI76uZBNUUq3A==}
    engines: {node: ^10 || ^12 || >=14}

  rolldown-vite@6.3.0-beta.8:
    resolution: {integrity: sha512-go+qGxSftNQJgIkSYibQjdjVkcvNLqA8AzvJvVJKGbGPdNTjBeCkSMO/FF4rkSgsP1dSnGt6b4JevHElhMBJrA==}
    engines: {node: ^18.0.0 || ^20.0.0 || >=22.0.0}
    hasBin: true
    peerDependencies:
      '@types/node': ^18.0.0 || ^20.0.0 || >=22.0.0
      esbuild: ^0.25.0
      jiti: '>=1.21.0'
      less: '*'
      sass: '*'
      sass-embedded: '*'
      stylus: '*'
      sugarss: '*'
      terser: ^5.16.0
      tsx: ^4.8.1
      yaml: ^2.4.2
    peerDependenciesMeta:
      '@types/node':
        optional: true
      esbuild:
        optional: true
      jiti:
        optional: true
      less:
        optional: true
      sass:
        optional: true
      sass-embedded:
        optional: true
      stylus:
        optional: true
      sugarss:
        optional: true
      terser:
        optional: true
      tsx:
        optional: true
      yaml:
        optional: true

  rolldown@1.0.0-beta.7-commit.169739a:
    resolution: {integrity: sha512-mN3mFyFEaGBvB0c1HFV1u7GxT1gtg9ZffTqYEhaJOe71hUFpTsMEA1b66evf110bVj95zoPw5bunoGVJlGpXmw==}
    hasBin: true
    peerDependencies:
      '@oxc-project/runtime': 0.63.0
    peerDependenciesMeta:
      '@oxc-project/runtime':
        optional: true

  source-map-js@1.2.1:
    resolution: {integrity: sha512-UXWMKhLOwVKb728IUtQPXxfYU+usdybtUrK/8uGE8CQMvrhOpwvzDBwj0QhSL7MQc7vIsISBG8VQ8+IDQxpfQA==}
    engines: {node: '>=0.10.0'}

  tinyglobby@0.2.12:
    resolution: {integrity: sha512-qkf4trmKSIiMTs/E63cxH+ojC2unam7rJ0WrauAzpT3ECNTxGRMlaXxVbfxMUC/w0LaYk6jQ4y/nGR9uBO3tww==}
    engines: {node: '>=12.0.0'}

  tslib@2.8.1:
    resolution: {integrity: sha512-oJFu94HQb+KVduSUQL7wnpmqnfmLsOA/nAh6b6EH0wCEoK0/mPeXU6c3wKDV83MkOuHPRHtSXKKU99IBazS/2w==}

  typescript@5.7.3:
    resolution: {integrity: sha512-84MVSjMEHP+FQRPy3pX9sTVV/INIex71s9TL2Gm5FG/WG1SqXeKyZ0k7/blY/4FdOzI12CBy1vGc4og/eus0fw==}
    engines: {node: '>=14.17'}
    hasBin: true

  valibot@1.0.0:
    resolution: {integrity: sha512-1Hc0ihzWxBar6NGeZv7fPLY0QuxFMyxwYR2sF1Blu7Wq7EnremwY2W02tit2ij2VJT8HcSkHAQqmFfl77f73Yw==}
    peerDependencies:
      typescript: '>=5'
    peerDependenciesMeta:
      typescript:
        optional: true

snapshots:

  '@emnapi/core@1.4.3':
    dependencies:
      '@emnapi/wasi-threads': 1.0.2
      tslib: 2.8.1
    optional: true

  '@emnapi/runtime@1.4.3':
    dependencies:
      tslib: 2.8.1
    optional: true

  '@emnapi/wasi-threads@1.0.2':
    dependencies:
      tslib: 2.8.1
    optional: true

  '@napi-rs/wasm-runtime@0.2.9':
    dependencies:
      '@emnapi/core': 1.4.3
      '@emnapi/runtime': 1.4.3
      '@tybys/wasm-util': 0.9.0
    optional: true

  '@oxc-project/runtime@0.63.0': {}

  '@oxc-project/types@0.63.0': {}

  '@rolldown/binding-darwin-arm64@1.0.0-beta.7-commit.169739a':
    optional: true

  '@rolldown/binding-darwin-x64@1.0.0-beta.7-commit.169739a':
    optional: true

  '@rolldown/binding-freebsd-x64@1.0.0-beta.7-commit.169739a':
    optional: true

  '@rolldown/binding-linux-arm-gnueabihf@1.0.0-beta.7-commit.169739a':
    optional: true

  '@rolldown/binding-linux-arm64-gnu@1.0.0-beta.7-commit.169739a':
    optional: true

  '@rolldown/binding-linux-arm64-musl@1.0.0-beta.7-commit.169739a':
    optional: true

  '@rolldown/binding-linux-x64-gnu@1.0.0-beta.7-commit.169739a':
    optional: true

  '@rolldown/binding-linux-x64-musl@1.0.0-beta.7-commit.169739a':
    optional: true

  '@rolldown/binding-wasm32-wasi@1.0.0-beta.7-commit.169739a':
    dependencies:
      '@napi-rs/wasm-runtime': 0.2.9
    optional: true

  '@rolldown/binding-win32-arm64-msvc@1.0.0-beta.7-commit.169739a':
    optional: true

  '@rolldown/binding-win32-ia32-msvc@1.0.0-beta.7-commit.169739a':
    optional: true

  '@rolldown/binding-win32-x64-msvc@1.0.0-beta.7-commit.169739a':
    optional: true

  '@tybys/wasm-util@0.9.0':
    dependencies:
      tslib: 2.8.1
    optional: true

  '@valibot/to-json-schema@1.0.0(valibot@1.0.0(typescript@5.7.3))':
    dependencies:
      valibot: 1.0.0(typescript@5.7.3)

  animejs@4.0.1: {}

  detect-libc@2.0.3: {}

  fdir@6.4.3(picomatch@4.0.2):
    optionalDependencies:
      picomatch: 4.0.2

  fsevents@2.3.3:
    optional: true

  lightningcss-darwin-arm64@1.29.3:
    optional: true

  lightningcss-darwin-x64@1.29.3:
    optional: true

  lightningcss-freebsd-x64@1.29.3:
    optional: true

  lightningcss-linux-arm-gnueabihf@1.29.3:
    optional: true

  lightningcss-linux-arm64-gnu@1.29.3:
    optional: true

  lightningcss-linux-arm64-musl@1.29.3:
    optional: true

  lightningcss-linux-x64-gnu@1.29.3:
    optional: true

  lightningcss-linux-x64-musl@1.29.3:
    optional: true

  lightningcss-win32-arm64-msvc@1.29.3:
    optional: true

  lightningcss-win32-x64-msvc@1.29.3:
    optional: true

  lightningcss@1.29.3:
    dependencies:
      detect-libc: 2.0.3
    optionalDependencies:
      lightningcss-darwin-arm64: 1.29.3
      lightningcss-darwin-x64: 1.29.3
      lightningcss-freebsd-x64: 1.29.3
      lightningcss-linux-arm-gnueabihf: 1.29.3
      lightningcss-linux-arm64-gnu: 1.29.3
      lightningcss-linux-arm64-musl: 1.29.3
      lightningcss-linux-x64-gnu: 1.29.3
      lightningcss-linux-x64-musl: 1.29.3
      lightningcss-win32-arm64-msvc: 1.29.3
      lightningcss-win32-x64-msvc: 1.29.3

  nanoid@3.3.11: {}

  picocolors@1.1.1: {}

  picomatch@4.0.2: {}

  postcss@8.5.3:
    dependencies:
      nanoid: 3.3.11
      picocolors: 1.1.1
      source-map-js: 1.2.1

  rolldown-vite@6.3.0-beta.8(typescript@5.7.3):
    dependencies:
      '@oxc-project/runtime': 0.63.0
      fdir: 6.4.3(picomatch@4.0.2)
      lightningcss: 1.29.3
      picomatch: 4.0.2
      postcss: 8.5.3
      rolldown: 1.0.0-beta.7-commit.169739a(@oxc-project/runtime@0.63.0)(typescript@5.7.3)
      tinyglobby: 0.2.12
    optionalDependencies:
      fsevents: 2.3.3
    transitivePeerDependencies:
      - typescript

  rolldown@1.0.0-beta.7-commit.169739a(@oxc-project/runtime@0.63.0)(typescript@5.7.3):
    dependencies:
      '@oxc-project/types': 0.63.0
      '@valibot/to-json-schema': 1.0.0(valibot@1.0.0(typescript@5.7.3))
      valibot: 1.0.0(typescript@5.7.3)
    optionalDependencies:
      '@oxc-project/runtime': 0.63.0
      '@rolldown/binding-darwin-arm64': 1.0.0-beta.7-commit.169739a
      '@rolldown/binding-darwin-x64': 1.0.0-beta.7-commit.169739a
      '@rolldown/binding-freebsd-x64': 1.0.0-beta.7-commit.169739a
      '@rolldown/binding-linux-arm-gnueabihf': 1.0.0-beta.7-commit.169739a
      '@rolldown/binding-linux-arm64-gnu': 1.0.0-beta.7-commit.169739a
      '@rolldown/binding-linux-arm64-musl': 1.0.0-beta.7-commit.169739a
      '@rolldown/binding-linux-x64-gnu': 1.0.0-beta.7-commit.169739a
      '@rolldown/binding-linux-x64-musl': 1.0.0-beta.7-commit.169739a
      '@rolldown/binding-wasm32-wasi': 1.0.0-beta.7-commit.169739a
      '@rolldown/binding-win32-arm64-msvc': 1.0.0-beta.7-commit.169739a
      '@rolldown/binding-win32-ia32-msvc': 1.0.0-beta.7-commit.169739a
      '@rolldown/binding-win32-x64-msvc': 1.0.0-beta.7-commit.169739a
    transitivePeerDependencies:
      - typescript

  source-map-js@1.2.1: {}

  tinyglobby@0.2.12:
    dependencies:
      fdir: 6.4.3(picomatch@4.0.2)
      picomatch: 4.0.2

  tslib@2.8.1:
    optional: true

  typescript@5.7.3: {}

  valibot@1.0.0(typescript@5.7.3):
    optionalDependencies:
      typescript: 5.7.3
